
Microsoft Visual Studio Solution File, Format Version 12.00
# Visual Studio Version 17
VisualStudioVersion = 17.7.34024.191
MinimumVisualStudioVersion = 10.0.40219.1
Project("{FAE04EC0-301F-11D3-BF4B-00C04F79EFBC}") = "DAL", "DAL\DAL.csproj", "{354A8986-8368-45DC-9A07-BC59EAF46988}"
EndProject
Project("{FAE04EC0-301F-11D3-BF4B-00C04F79EFBC}") = "BLL", "BLL\BLL.csproj", "{D1E82BDB-BDE6-4C09-9DAF-3A6B6C8971F4}"
EndProject
Project("{FAE04EC0-301F-11D3-BF4B-00C04F79EFBC}") = "Forms", "Forms\Forms.csproj", "{C6B6B3A6-6700-4BB6-8649-DFF35B6DCEB6}"
EndProject
Global
	GlobalSection(SolutionConfigurationPlatforms) = preSolution
		Debug|Any CPU = Debug|Any CPU
		Release|Any CPU = Release|Any CPU
	EndGlobalSection
	GlobalSection(ProjectConfigurationPlatforms) = postSolution
		{354A8986-8368-45DC-9A07-BC59EAF46988}.Debug|Any CPU.ActiveCfg = Debug|Any CPU
		{354A8986-8368-45DC-9A07-BC59EAF46988}.Debug|Any CPU.Build.0 = Debug|Any CPU
		{354A8986-8368-45DC-9A07-BC59EAF46988}.Release|Any CPU.ActiveCfg = Release|Any CPU
		{354A8986-8368-45DC-9A07-BC59EAF46988}.Release|Any CPU.Build.0 = Release|Any CPU
		{D1E82BDB-BDE6-4C09-9DAF-3A6B6C8971F4}.Debug|Any CPU.ActiveCfg = Debug|Any CPU
		{D1E82BDB-BDE6-4C09-9DAF-3A6B6C8971F4}.Debug|Any CPU.Build.0 = Debug|Any CPU
		{D1E82BDB-BDE6-4C09-9DAF-3A6B6C8971F4}.Release|Any CPU.ActiveCfg = Release|Any CPU
		{D1E82BDB-BDE6-4C09-9DAF-3A6B6C8971F4}.Release|Any CPU.Build.0 = Release|Any CPU
		{C6B6B3A6-6700-4BB6-8649-DFF35B6DCEB6}.Debug|Any CPU.ActiveCfg = Debug|Any CPU
		{C6B6B3A6-6700-4BB6-8649-DFF35B6DCEB6}.Debug|Any CPU.Build.0 = Debug|Any CPU
		{C6B6B3A6-6700-4BB6-8649-DFF35B6DCEB6}.Release|Any CPU.ActiveCfg = Release|Any CPU
		{C6B6B3A6-6700-4BB6-8649-DFF35B6DCEB6}.Release|Any CPU.Build.0 = Release|Any CPU
	EndGlobalSection
	GlobalSection(SolutionProperties) = preSolution
		HideSolutionNode = FALSE
	EndGlobalSection
	GlobalSection(ExtensibilityGlobals) = postSolution
		SolutionGuid = {B38AF066-FB07-4105-AD8A-7E7B917F0108}
	EndGlobalSection
EndGlobal
